// !$*UTF8*$!
{
	archiveVersion = 1;
	classes = {
	};
	objectVersion = 50;
	objects = {

/* Begin PBXBuildFile section */
		AB7415B52408DF69001E04D0 /* AppDelegate.swift in Sources */ = {isa = PBXBuildFile; fileRef = AB7415B42408DF69001E04D0 /* AppDelegate.swift */; };
		AB7415B72408DF69001E04D0 /* SceneDelegate.swift in Sources */ = {isa = PBXBuildFile; fileRef = AB7415B62408DF69001E04D0 /* SceneDelegate.swift */; };
		AB7415B92408DF69001E04D0 /* ViewController.swift in Sources */ = {isa = PBXBuildFile; fileRef = AB7415B82408DF69001E04D0 /* ViewController.swift */; };
		AB7415BC2408DF69001E04D0 /* Main.storyboard in Resources */ = {isa = PBXBuildFile; fileRef = AB7415BA2408DF69001E04D0 /* Main.storyboard */; };
		AB7415BE2408DF6B001E04D0 /* Assets.xcassets in Resources */ = {isa = PBXBuildFile; fileRef = AB7415BD2408DF6B001E04D0 /* Assets.xcassets */; };
		AB7415C12408DF6B001E04D0 /* LaunchScreen.storyboard in Resources */ = {isa = PBXBuildFile; fileRef = AB7415BF2408DF6B001E04D0 /* LaunchScreen.storyboard */; };
		AB7415C92408DFC2001E04D0 /* DogAPI.swift in Sources */ = {isa = PBXBuildFile; fileRef = AB7415C82408DFC2001E04D0 /* DogAPI.swift */; };
		AB7415CB2408F06B001E04D0 /* DogImage.swift in Sources */ = {isa = PBXBuildFile; fileRef = AB7415CA2408F06B001E04D0 /* DogImage.swift */; };
/* End PBXBuildFile section */

/* Begin PBXFileReference section */
		AB7415B12408DF69001E04D0 /* FetchingDogImages.app */ = {isa = PBXFileReference; explicitFileType = wrapper.application; includeInIndex = 0; path = FetchingDogImages.app; sourceTree = BUILT_PRODUCTS_DIR; };
		AB7415B42408DF69001E04D0 /* AppDelegate.swift */ = {isa = PBXFileReference; lastKnownFileType = sourcecode.swift; path = AppDelegate.swift; sourceTree = "<group>"; };
		AB7415B62408DF69001E04D0 /* SceneDelegate.swift */ = {isa = PBXFileReference; lastKnownFileType = sourcecode.swift; path = SceneDelegate.swift; sourceTree = "<group>"; };
		AB7415B82408DF69001E04D0 /* ViewController.swift */ = {isa = PBXFileReference; lastKnownFileType = sourcecode.swift; path = ViewController.swift; sourceTree = "<group>"; };
		AB7415BB2408DF69001E04D0 /* Base */ = {isa = PBXFileReference; lastKnownFileType = file.storyboard; name = Base; path = Base.lproj/Main.storyboard; sourceTree = "<group>"; };
		AB7415BD2408DF6B001E04D0 /* Assets.xcassets */ = {isa = PBXFileReference; lastKnownFileType = folder.assetcatalog; path = Assets.xcassets; sourceTree = "<group>"; };
		AB7415C02408DF6B001E04D0 /* Base */ = {isa = PBXFileReference; lastKnownFileType = file.storyboard; name = Base; path = Base.lproj/LaunchScreen.storyboard; sourceTree = "<group>"; };
		AB7415C22408DF6B001E04D0 /* Info.plist */ = {isa = PBXFileReference; lastKnownFileType = text.plist.xml; path = Info.plist; sourceTree = "<group>"; };
		AB7415C82408DFC2001E04D0 /* DogAPI.swift */ = {isa = PBXFileReference; lastKnownFileType = sourcecode.swift; path = DogAPI.swift; sourceTree = "<group>"; };
		AB7415CA2408F06B001E04D0 /* DogImage.swift */ = {isa = PBXFileReference; lastKnownFileType = sourcecode.swift; path = DogImage.swift; sourceTree = "<group>"; };
/* End PBXFileReference section */

/* Begin PBXFrameworksBuildPhase section */
		AB7415AE2408DF69001E04D0 /* Frameworks */ = {
			isa = PBXFrameworksBuildPhase;
			buildActionMask = 2147483647;
			files = (
			);
			runOnlyForDeploymentPostprocessing = 0;
		};
/* End PBXFrameworksBuildPhase section */

/* Begin PBXGroup section */
		AB7415A82408DF69001E04D0 = {
			isa = PBXGroup;
			children = (
				AB7415B32408DF69001E04D0 /* FetchingDogImages */,
				AB7415B22408DF69001E04D0 /* Products */,
			);
			sourceTree = "<group>";
		};
		AB7415B22408DF69001E04D0 /* Products */ = {
			isa = PBXGroup;
			children = (
				AB7415B12408DF69001E04D0 /* FetchingDogImages.app */,
			);
			name = Products;
			sourceTree = "<group>";
		};
		AB7415B32408DF69001E04D0 /* FetchingDogImages */ = {
			isa = PBXGroup;
			children = (
				AB7415B42408DF69001E04D0 /* AppDelegate.swift */,
				AB7415B62408DF69001E04D0 /* SceneDelegate.swift */,
				AB7415B82408DF69001E04D0 /* ViewController.swift */,
				AB7415C82408DFC2001E04D0 /* DogAPI.swift */,
				AB7415CA2408F06B001E04D0 /* DogImage.swift */,
				AB7415BA2408DF69001E04D0 /* Main.storyboard */,
				AB7415BD2408DF6B001E04D0 /* Assets.xcassets */,
				AB7415BF2408DF6B001E04D0 /* LaunchScreen.storyboard */,
				AB7415C22408DF6B001E04D0 /* Info.plist */,
			);
			path = FetchingDogImages;
			sourceTree = "<group>";
		};
/* End PBXGroup section */

/* Begin PBXNativeTarget section */
		AB7415B02408DF69001E04D0 /* FetchingDogImages */ = {
			isa = PBXNativeTarget;
			buildConfigurationList = AB7415C52408DF6B001E04D0 /* Build configuration list for PBXNativeTarget "FetchingDogImages" */;
			buildPhases = (
				AB7415AD2408DF69001E04D0 /* Sources */,
				AB7415AE2408DF69001E04D0 /* Frameworks */,
				AB7415AF2408DF69001E04D0 /* Resources */,
			);
			buildRules = (
			);
			dependencies = (
			);
			name = FetchingDogImages;
			productName = FetchingDogImages;
			productReference = AB7415B12408DF69001E04D0 /* FetchingDogImages.app */;
			productType = "com.apple.product-type.application";
		};
/* End PBXNativeTarget section */

/* Begin PBXProject section */
		AB7415A92408DF69001E04D0 /* Project object */ = {
			isa = PBXProject;
			attributes = {
				LastSwiftUpdateCheck = 1100;
				LastUpgradeCheck = 1100;
				ORGANIZATIONNAME = "Xcode Tips";
				TargetAttributes = {
					AB7415B02408DF69001E04D0 = {
						CreatedOnToolsVersion = 11.0;
					};
				};
			};
			buildConfigurationList = AB7415AC2408DF69001E04D0 /* Build configuration list for PBXProject "FetchingDogImages" */;
			compatibilityVersion = "Xcode 9.3";
			developmentRegion = en;
			hasScannedForEncodings = 0;
			knownRegions = (
				en,
				Base,
			);
			mainGroup = AB7415A82408DF69001E04D0;
			productRefGroup = AB7415B22408DF69001E04D0 /* Products */;
			projectDirPath = "";
			projectRoot = "";
			targets = (
				AB7415B02408DF69001E04D0 /* FetchingDogImages */,
			);
		};
/* End PBXProject section */

/* Begin PBXResourcesBuildPhase section */
		AB7415AF2408DF69001E04D0 /* Resources */ = {
			isa = PBXResourcesBuildPhase;
			buildActionMask = 2147483647;
			files = (
				AB7415C12408DF6B001E04D0 /* LaunchScreen.storyboard in Resources */,
				AB7415BE2408DF6B001E04D0 /* Assets.xcassets in Resources */,
				AB7415BC2408DF69001E04D0 /* Main.storyboard in Resources */,
			);
			runOnlyForDeploymentPostprocessing = 0;
		};
/* End PBXResourcesBuildPhase section */

/* Begin PBXSourcesBuildPhase section */
		AB7415AD2408DF69001E04D0 /* Sources */ = {
			isa = PBXSourcesBuildPhase;
			buildActionMask = 2147483647;
			files = (
				AB7415B92408DF69001E04D0 /* ViewController.swift in Sources */,
				AB7415CB2408F06B001E04D0 /* DogImage.swift in Sources */,
				AB7415B52408DF69001E04D0 /* AppDelegate.swift in Sources */,
				AB7415B72408DF69001E04D0 /* SceneDelegate.swift in Sources */,
				AB7415C92408DFC2001E04D0 /* DogAPI.swift in Sources */,
			);
			runOnlyForDeploymentPostprocessing = 0;
		};
/* End PBXSourcesBuildPhase section */

/* Begin PBXVariantGroup section */
		AB7415BA2408DF69001E04D0 /* Main.storyboard */ = {
			isa = PBXVariantGroup;
			children = (
				AB7415BB2408DF69001E04D0 /* Base */,
			);
			name = Main.storyboard;
			sourceTree = "<group>";
		};
		AB7415BF2408DF6B001E04D0 /* LaunchScreen.storyboard */ = {
			isa = PBXVariantGroup;
			children = (
				AB7415C02408DF6B001E04D0 /* Base */,
			);
			name = LaunchScreen.storyboard;
			sourceTree = "<group>";
		};
/* End PBXVariantGroup section */

/* Begin XCBuildConfiguration section */
		AB7415C32408DF6B001E04D0 /* Debug */ = {
			isa = XCBuildConfiguration;
			buildSettings = {
				ALWAYS_SEARCH_USER_PATHS = NO;
				CLANG_ANALYZER_NONNULL = YES;
				CLANG_ANALYZER_NUMBER_OBJECT_CONVERSION = YES_AGGRESSIVE;
				CLANG_CXX_LANGUAGE_STANDARD = "gnu++14";
				CLANG_CXX_LIBRARY = "libc++";
				CLANG_ENABLE_MODULES = YES;
				CLANG_ENABLE_OBJC_ARC = YES;
				CLANG_ENABLE_OBJC_WEAK = YES;
				CLANG_WARN_BLOCK_CAPTURE_AUTORELEASING = YES;
				CLANG_WARN_BOOL_CONVERSION = YES;
				CLANG_WARN_COMMA = YES;
				CLANG_WARN_CONSTANT_CONVERSION = YES;
				CLANG_WARN_DEPRECATED_OBJC_IMPLEMENTATIONS = YES;
				CLANG_WARN_DIRECT_OBJC_ISA_USAGE = YES_ERROR;
				CLANG_WARN_DOCUMENTATION_COMMENTS = YES;
				CLANG_WARN_EMPTY_BODY = YES;
				CLANG_WARN_ENUM_CONVERSION = YES;
				CLANG_WARN_INFINITE_RECURSION = YES;
				CLANG_WARN_INT_CONVERSION = YES;
				CLANG_WARN_NON_LITERAL_NULL_CONVERSION = YES;
				CLANG_WARN_OBJC_IMPLICIT_RETAIN_SELF = YES;
				CLANG_WARN_OBJC_LITERAL_CONVERSION = YES;
				CLANG_WARN_OBJC_ROOT_CLASS = YES_ERROR;
				CLANG_WARN_RANGE_LOOP_ANALYSIS = YES;
				CLANG_WARN_STRICT_PROTOTYPES = YES;
				CLANG_WARN_SUSPICIOUS_MOVE = YES;
				CLANG_WARN_UNGUARDED_AVAILABILITY = YES_AGGRESSIVE;
				CLANG_WARN_UNREACHABLE_CODE = YES;
				CLANG_WARN__DUPLICATE_METHOD_MATCH = YES;
				COPY_PHASE_STRIP = NO;
				DEBUG_INFORMATION_FORMAT = dwarf;
				ENABLE_STRICT_OBJC_MSGSEND = YES;
				ENABLE_TESTABILITY = YES;
				GCC_C_LANGUAGE_STANDARD = gnu11;
				GCC_DYNAMIC_NO_PIC = NO;
				GCC_NO_COMMON_BLOCKS = YES;
				GCC_OPTIMIZATION_LEVEL = 0;
				GCC_PREPROCESSOR_DEFINITIONS = (
					"DEBUG=1",
					"$(inherited)",
				);
				GCC_WARN_64_TO_32_BIT_CONVERSION = YES;
				GCC_WARN_ABOUT_RETURN_TYPE = YES_ERROR;
				GCC_WARN_UNDECLARED_SELECTOR = YES;
				GCC_WARN_UNINITIALIZED_AUTOS = YES_AGGRESSIVE;
				GCC_WARN_UNUSED_FUNCTION = YES;
				GCC_WARN_UNUSED_VARIABLE = YES;
				IPHONEOS_DEPLOYMENT_TARGET = 13.0;
				MTL_ENABLE_DEBUG_INFO = INCLUDE_SOURCE;
				MTL_FAST_MATH = YES;
				ONLY_ACTIVE_ARCH = YES;
				SDKROOT = iphoneos;
				SWIFT_ACTIVE_COMPILATION_CONDITIONS = DEBUG;
				SWIFT_OPTIMIZATION_LEVEL = "-Onone";
			};
			name = Debug;
		};
		AB7415C42408DF6B001E04D0 /* Release */ = {
			isa = XCBuildConfiguration;
			buildSettings = {
				ALWAYS_SEARCH_USER_PATHS = NO;
				CLANG_ANALYZER_NONNULL = YES;
				CLANG_ANALYZER_NUMBER_OBJECT_CONVERSION = YES_AGGRESSIVE;
				CLANG_CXX_LANGUAGE_STANDARD = "gnu++14";
				CLANG_CXX_LIBRARY = "libc++";
				CLANG_ENABLE_MODULES = YES;
				CLANG_ENABLE_OBJC_ARC = YES;
				CLANG_ENABLE_OBJC_WEAK = YES;
				CLANG_WARN_BLOCK_CAPTURE_AUTORELEASING = YES;
				CLANG_WARN_BOOL_CONVERSION = YES;
				CLANG_WARN_COMMA = YES;
				CLANG_WARN_CONSTANT_CONVERSION = YES;
				CLANG_WARN_DEPRECATED_OBJC_IMPLEMENTATIONS = YES;
				CLANG_WARN_DIRECT_OBJC_ISA_USAGE = YES_ERROR;
				CLANG_WARN_DOCUMENTATION_COMMENTS = YES;
				CLANG_WARN_EMPTY_BODY = YES;
				CLANG_WARN_ENUM_CONVERSION = YES;
				CLANG_WARN_INFINITE_RECURSION = YES;
				CLANG_WARN_INT_CONVERSION = YES;
				CLANG_WARN_NON_LITERAL_NULL_CONVERSION = YES;
				CLANG_WARN_OBJC_IMPLICIT_RETAIN_SELF = YES;
				CLANG_WARN_OBJC_LITERAL_CONVERSION = YES;
				CLANG_WARN_OBJC_ROOT_CLASS = YES_ERROR;
				CLANG_WARN_RANGE_LOOP_ANALYSIS = YES;
				CLANG_WARN_STRICT_PROTOTYPES = YES;
				CLANG_WARN_SUSPICIOUS_MOVE = YES;
				CLANG_WARN_UNGUARDED_AVAILABILITY = YES_AGGRESSIVE;
				CLANG_WARN_UNREACHABLE_CODE = YES;
				CLANG_WARN__DUPLICATE_METHOD_MATCH = YES;
				COPY_PHASE_STRIP = NO;
				DEBUG_INFORMATION_FORMAT = "dwarf-with-dsym";
				ENABLE_NS_ASSERTIONS = NO;
				ENABLE_STRICT_OBJC_MSGSEND = YES;
				GCC_C_LANGUAGE_STANDARD = gnu11;
				GCC_NO_COMMON_BLOCKS = YES;
				GCC_WARN_64_TO_32_BIT_CONVERSION = YES;
				GCC_WARN_ABOUT_RETURN_TYPE = YES_ERROR;
				GCC_WARN_UNDECLARED_SELECTOR = YES;
				GCC_WARN_UNINITIALIZED_AUTOS = YES_AGGRESSIVE;
				GCC_WARN_UNUSED_FUNCTION = YES;
				GCC_WARN_UNUSED_VARIABLE = YES;
				IPHONEOS_DEPLOYMENT_TARGET = 13.0;
				MTL_ENABLE_DEBUG_INFO = NO;
				MTL_FAST_MATH = YES;
				SDKROOT = iphoneos;
				SWIFT_COMPILATION_MODE = wholemodule;
				SWIFT_OPTIMIZATION_LEVEL = "-O";
				VALIDATE_PRODUCT = YES;
			};
			name = Release;
		};
		AB7415C62408DF6B001E04D0 /* Debug */ = {
			isa = XCBuildConfiguration;
			buildSettings = {
				ASSETCATALOG_COMPILER_APPICON_NAME = AppIcon;
				CODE_SIGN_STYLE = Automatic;
				DEVELOPMENT_TEAM = J36XH69Z83;
				INFOPLIST_FILE = FetchingDogImages/Info.plist;
				LD_RUNPATH_SEARCH_PATHS = (
					"$(inherited)",
					"@executable_path/Frameworks",
				);
				PRODUCT_BUNDLE_IDENTIFIER = com.xcodetips.FetchingDogImages;
				PRODUCT_NAME = "$(TARGET_NAME)";
				SWIFT_VERSION = 5.0;
				TARGETED_DEVICE_FAMILY = "1,2";
			};
			name = Debug;
		};
		AB7415C72408DF6B001E04D0 /* Release */ = {
			isa = XCBuildConfiguration;
			buildSettings = {
				ASSETCATALOG_COMPILER_APPICON_NAME = AppIcon;
				CODE_SIGN_STYLE = Automatic;
				DEVELOPMENT_TEAM = J36XH69Z83;
				INFOPLIST_FILE = FetchingDogImages/Info.plist;
				LD_RUNPATH_SEARCH_PATHS = (
					"$(inherited)",
					"@executable_path/Frameworks",
				);
				PRODUCT_BUNDLE_IDENTIFIER = com.xcodetips.FetchingDogImages;
				PRODUCT_NAME = "$(TARGET_NAME)";
				SWIFT_VERSION = 5.0;
				TARGETED_DEVICE_FAMILY = "1,2";
			};
			name = Release;
		};
/* End XCBuildConfiguration section */

/* Begin XCConfigurationList section */
		AB7415AC2408DF69001E04D0 /* Build configuration list for PBXProject "FetchingDogImages" */ = {
			isa = XCConfigurationList;
			buildConfigurations = (
				AB7415C32408DF6B001E04D0 /* Debug */,
				AB7415C42408DF6B001E04D0 /* Release */,
			);
			defaultConfigurationIsVisible = 0;
			defaultConfigurationName = Release;
		};
		AB7415C52408DF6B001E04D0 /* Build configuration list for PBXNativeTarget "FetchingDogImages" */ = {
			isa = XCConfigurationList;
			buildConfigurations = (
				AB7415C62408DF6B001E04D0 /* Debug */,
				AB7415C72408DF6B001E04D0 /* Release */,
			);
			defaultConfigurationIsVisible = 0;
			defaultConfigurationName = Release;
		};
/* End XCConfigurationList section */
	};
	rootObject = AB7415A92408DF69001E04D0 /* Project object */;
}
